// !$*UTF8*$!
{
	archiveVersion = 1;
	classes = {
	};
	objectVersion = 46;
	objects = {

/* Begin PBXBuildFile section */
		FF26C57D1A83DFCB00E42462 /* main.m in Sources */ = {isa = PBXBuildFile; fileRef = FF26C57C1A83DFCB00E42462 /* main.m */; };
		FF26C5801A83DFCB00E42462 /* AppDelegate.m in Sources */ = {isa = PBXBuildFile; fileRef = FF26C57F1A83DFCB00E42462 /* AppDelegate.m */; };
		FF26C5831A83DFCB00E42462 /* Home.m in Sources */ = {isa = PBXBuildFile; fileRef = FF26C5821A83DFCB00E42462 /* Home.m */; };
		FF26C5861A83DFCB00E42462 /* Main.storyboard in Resources */ = {isa = PBXBuildFile; fileRef = FF26C5841A83DFCB00E42462 /* Main.storyboard */; };
		FF26C5881A83DFCB00E42462 /* Images.xcassets in Resources */ = {isa = PBXBuildFile; fileRef = FF26C5871A83DFCB00E42462 /* Images.xcassets */; };
		FF26C58B1A83DFCB00E42462 /* LaunchScreen.xib in Resources */ = {isa = PBXBuildFile; fileRef = FF26C5891A83DFCB00E42462 /* LaunchScreen.xib */; };
		FF26C5971A83DFCB00E42462 /* Lab04Tests.m in Sources */ = {isa = PBXBuildFile; fileRef = FF26C5961A83DFCB00E42462 /* Lab04Tests.m */; };
		FF26C5A21A83E2A100E42462 /* secondViewController.m in Sources */ = {isa = PBXBuildFile; fileRef = FF26C5A11A83E2A100E42462 /* secondViewController.m */; };
/* End PBXBuildFile section */

/* Begin PBXContainerItemProxy section */
		FF26C5911A83DFCB00E42462 /* PBXContainerItemProxy */ = {
			isa = PBXContainerItemProxy;
			containerPortal = FF26C56F1A83DFCB00E42462 /* Project object */;
			proxyType = 1;
			remoteGlobalIDString = FF26C5761A83DFCB00E42462;
			remoteInfo = Lab04;
		};
/* End PBXContainerItemProxy section */

/* Begin PBXFileReference section */
		FF26C5771A83DFCB00E42462 /* Lab04.app */ = {isa = PBXFileReference; explicitFileType = wrapper.application; includeInIndex = 0; path = Lab04.app; sourceTree = BUILT_PRODUCTS_DIR; };
		FF26C57B1A83DFCB00E42462 /* Info.plist */ = {isa = PBXFileReference; lastKnownFileType = text.plist.xml; path = Info.plist; sourceTree = "<group>"; };
		FF26C57C1A83DFCB00E42462 /* main.m */ = {isa = PBXFileReference; lastKnownFileType = sourcecode.c.objc; path = main.m; sourceTree = "<group>"; };
		FF26C57E1A83DFCB00E42462 /* AppDelegate.h */ = {isa = PBXFileReference; lastKnownFileType = sourcecode.c.h; path = AppDelegate.h; sourceTree = "<group>"; };
		FF26C57F1A83DFCB00E42462 /* AppDelegate.m */ = {isa = PBXFileReference; lastKnownFileType = sourcecode.c.objc; path = AppDelegate.m; sourceTree = "<group>"; };
		FF26C5811A83DFCB00E42462 /* Home.h */ = {isa = PBXFileReference; lastKnownFileType = sourcecode.c.h; path = Home.h; sourceTree = "<group>"; };
		FF26C5821A83DFCB00E42462 /* Home.m */ = {isa = PBXFileReference; lastKnownFileType = sourcecode.c.objc; path = Home.m; sourceTree = "<group>"; };
		FF26C5851A83DFCB00E42462 /* Base */ = {isa = PBXFileReference; lastKnownFileType = file.storyboard; name = Base; path = Base.lproj/Main.storyboard; sourceTree = "<group>"; };
		FF26C5871A83DFCB00E42462 /* Images.xcassets */ = {isa = PBXFileReference; lastKnownFileType = folder.assetcatalog; path = Images.xcassets; sourceTree = "<group>"; };
		FF26C58A1A83DFCB00E42462 /* Base */ = {isa = PBXFileReference; lastKnownFileType = file.xib; name = Base; path = Base.lproj/LaunchScreen.xib; sourceTree = "<group>"; };
		FF26C5901A83DFCB00E42462 /* Lab04Tests.xctest */ = {isa = PBXFileReference; explicitFileType = wrapper.cfbundle; includeInIndex = 0; path = Lab04Tests.xctest; sourceTree = BUILT_PRODUCTS_DIR; };
		FF26C5951A83DFCB00E42462 /* Info.plist */ = {isa = PBXFileReference; lastKnownFileType = text.plist.xml; path = Info.plist; sourceTree = "<group>"; };
		FF26C5961A83DFCB00E42462 /* Lab04Tests.m */ = {isa = PBXFileReference; lastKnownFileType = sourcecode.c.objc; path = Lab04Tests.m; sourceTree = "<group>"; };
		FF26C5A01A83E2A100E42462 /* secondViewController.h */ = {isa = PBXFileReference; fileEncoding = 4; lastKnownFileType = sourcecode.c.h; path = secondViewController.h; sourceTree = "<group>"; };
		FF26C5A11A83E2A100E42462 /* secondViewController.m */ = {isa = PBXFileReference; fileEncoding = 4; lastKnownFileType = sourcecode.c.objc; path = secondViewController.m; sourceTree = "<group>"; };
/* End PBXFileReference section */

/* Begin PBXFrameworksBuildPhase section */
		FF26C5741A83DFCB00E42462 /* Frameworks */ = {
			isa = PBXFrameworksBuildPhase;
			buildActionMask = 2147483647;
			files = (
			);
			runOnlyForDeploymentPostprocessing = 0;
		};
		FF26C58D1A83DFCB00E42462 /* Frameworks */ = {
			isa = PBXFrameworksBuildPhase;
			buildActionMask = 2147483647;
			files = (
			);
			runOnlyForDeploymentPostprocessing = 0;
		};
/* End PBXFrameworksBuildPhase section */

/* Begin PBXGroup section */
		FF26C56E1A83DFCB00E42462 = {
			isa = PBXGroup;
			children = (
				FF26C5791A83DFCB00E42462 /* Lab04 */,
				FF26C5931A83DFCB00E42462 /* Lab04Tests */,
				FF26C5781A83DFCB00E42462 /* Products */,
			);
			sourceTree = "<group>";
		};
		FF26C5781A83DFCB00E42462 /* Products */ = {
			isa = PBXGroup;
			children = (
				FF26C5771A83DFCB00E42462 /* Lab04.app */,
				FF26C5901A83DFCB00E42462 /* Lab04Tests.xctest */,
			);
			name = Products;
			sourceTree = "<group>";
		};
		FF26C5791A83DFCB00E42462 /* Lab04 */ = {
			isa = PBXGroup;
			children = (
				FF26C57E1A83DFCB00E42462 /* AppDelegate.h */,
				FF26C57F1A83DFCB00E42462 /* AppDelegate.m */,
				FF26C5811A83DFCB00E42462 /* Home.h */,
				FF26C5821A83DFCB00E42462 /* Home.m */,
				FF26C5841A83DFCB00E42462 /* Main.storyboard */,
				FF26C5871A83DFCB00E42462 /* Images.xcassets */,
				FF26C5891A83DFCB00E42462 /* LaunchScreen.xib */,
				FF26C57A1A83DFCB00E42462 /* Supporting Files */,
				FF26C5A01A83E2A100E42462 /* secondViewController.h */,
				FF26C5A11A83E2A100E42462 /* secondViewController.m */,
			);
			path = Lab04;
			sourceTree = "<group>";
		};
		FF26C57A1A83DFCB00E42462 /* Supporting Files */ = {
			isa = PBXGroup;
			children = (
				FF26C57B1A83DFCB00E42462 /* Info.plist */,
				FF26C57C1A83DFCB00E42462 /* main.m */,
			);
			name = "Supporting Files";
			sourceTree = "<group>";
		};
		FF26C5931A83DFCB00E42462 /* Lab04Tests */ = {
			isa = PBXGroup;
			children = (
				FF26C5961A83DFCB00E42462 /* Lab04Tests.m */,
				FF26C5941A83DFCB00E42462 /* Supporting Files */,
			);
			path = Lab04Tests;
			sourceTree = "<group>";
		};
		FF26C5941A83DFCB00E42462 /* Supporting Files */ = {
			isa = PBXGroup;
			children = (
				FF26C5951A83DFCB00E42462 /* Info.plist */,
			);
			name = "Supporting Files";
			sourceTree = "<group>";
		};
/* End PBXGroup section */

/* Begin PBXNativeTarget section */
		FF26C5761A83DFCB00E42462 /* Lab04 */ = {
			isa = PBXNativeTarget;
			buildConfigurationList = FF26C59A1A83DFCB00E42462 /* Build configuration list for PBXNativeTarget "Lab04" */;
			buildPhases = (
				FF26C5731A83DFCB00E42462 /* Sources */,
				FF26C5741A83DFCB00E42462 /* Frameworks */,
				FF26C5751A83DFCB00E42462 /* Resources */,
			);
			buildRules = (
			);
			dependencies = (
			);
			name = Lab04;
			productName = Lab04;
			productReference = FF26C5771A83DFCB00E42462 /* Lab04.app */;
			productType = "com.apple.product-type.application";
		};
		FF26C58F1A83DFCB00E42462 /* Lab04Tests */ = {
			isa = PBXNativeTarget;
			buildConfigurationList = FF26C59D1A83DFCB00E42462 /* Build configuration list for PBXNativeTarget "Lab04Tests" */;
			buildPhases = (
				FF26C58C1A83DFCB00E42462 /* Sources */,
				FF26C58D1A83DFCB00E42462 /* Frameworks */,
				FF26C58E1A83DFCB00E42462 /* Resources */,
			);
			buildRules = (
			);
			dependencies = (
				FF26C5921A83DFCB00E42462 /* PBXTargetDependency */,
			);
			name = Lab04Tests;
			productName = Lab04Tests;
			productReference = FF26C5901A83DFCB00E42462 /* Lab04Tests.xctest */;
			productType = "com.apple.product-type.bundle.unit-test";
		};
/* End PBXNativeTarget section */

/* Begin PBXProject section */
		FF26C56F1A83DFCB00E42462 /* Project object */ = {
			isa = PBXProject;
			attributes = {
				LastUpgradeCheck = 0610;
				ORGANIZATIONNAME = felipe;
				TargetAttributes = {
					FF26C5761A83DFCB00E42462 = {
						CreatedOnToolsVersion = 6.1.1;
					};
					FF26C58F1A83DFCB00E42462 = {
						CreatedOnToolsVersion = 6.1.1;
						TestTargetID = FF26C5761A83DFCB00E42462;
					};
				};
			};
			buildConfigurationList = FF26C5721A83DFCB00E42462 /* Build configuration list for PBXProject "Lab04" */;
			compatibilityVersion = "Xcode 3.2";
			developmentRegion = English;
			hasScannedForEncodings = 0;
			knownRegions = (
				en,
				Base,
			);
			mainGroup = FF26C56E1A83DFCB00E42462;
			productRefGroup = FF26C5781A83DFCB00E42462 /* Products */;
			projectDirPath = "";
			projectRoot = "";
			targets = (
				FF26C5761A83DFCB00E42462 /* Lab04 */,
				FF26C58F1A83DFCB00E42462 /* Lab04Tests */,
			);
		};
/* End PBXProject section */

/* Begin PBXResourcesBuildPhase section */
		FF26C5751A83DFCB00E42462 /* Resources */ = {
			isa = PBXResourcesBuildPhase;
			buildActionMask = 2147483647;
			files = (
				FF26C5861A83DFCB00E42462 /* Main.storyboard in Resources */,
				FF26C58B1A83DFCB00E42462 /* LaunchScreen.xib in Resources */,
				FF26C5881A83DFCB00E42462 /* Images.xcassets in Resources */,
			);
			runOnlyForDeploymentPostprocessing = 0;
		};
		FF26C58E1A83DFCB00E42462 /* Resources */ = {
			isa = PBXResourcesBuildPhase;
			buildActionMask = 2147483647;
			files = (
			);
			runOnlyForDeploymentPostprocessing = 0;
		};
/* End PBXResourcesBuildPhase section */

/* Begin PBXSourcesBuildPhase section */
		FF26C5731A83DFCB00E42462 /* Sources */ = {
			isa = PBXSourcesBuildPhase;
			buildActionMask = 2147483647;
			files = (
				FF26C5A21A83E2A100E42462 /* secondViewController.m in Sources */,
				FF26C5831A83DFCB00E42462 /* Home.m in Sources */,
				FF26C5801A83DFCB00E42462 /* AppDelegate.m in Sources */,
				FF26C57D1A83DFCB00E42462 /* main.m in Sources */,
			);
			runOnlyForDeploymentPostprocessing = 0;
		};
		FF26C58C1A83DFCB00E42462 /* Sources */ = {
			isa = PBXSourcesBuildPhase;
			buildActionMask = 2147483647;
			files = (
				FF26C5971A83DFCB00E42462 /* Lab04Tests.m in Sources */,
			);
			runOnlyForDeploymentPostprocessing = 0;
		};
/* End PBXSourcesBuildPhase section */

/* Begin PBXTargetDependency section */
		FF26C5921A83DFCB00E42462 /* PBXTargetDependency */ = {
			isa = PBXTargetDependency;
			target = FF26C5761A83DFCB00E42462 /* Lab04 */;
			targetProxy = FF26C5911A83DFCB00E42462 /* PBXContainerItemProxy */;
		};
/* End PBXTargetDependency section */

/* Begin PBXVariantGroup section */
		FF26C5841A83DFCB00E42462 /* Main.storyboard */ = {
			isa = PBXVariantGroup;
			children = (
				FF26C5851A83DFCB00E42462 /* Base */,
			);
			name = Main.storyboard;
			sourceTree = "<group>";
		};
		FF26C5891A83DFCB00E42462 /* LaunchScreen.xib */ = {
			isa = PBXVariantGroup;
			children = (
				FF26C58A1A83DFCB00E42462 /* Base */,
			);
			name = LaunchScreen.xib;
			sourceTree = "<group>";
		};
/* End PBXVariantGroup section */

/* Begin XCBuildConfiguration section */
		FF26C5981A83DFCB00E42462 /* Debug */ = {
			isa = XCBuildConfiguration;
			buildSettings = {
				ALWAYS_SEARCH_USER_PATHS = NO;
				CLANG_CXX_LANGUAGE_STANDARD = "gnu++0x";
				CLANG_CXX_LIBRARY = "libc++";
				CLANG_ENABLE_MODULES = YES;
				CLANG_ENABLE_OBJC_ARC = YES;
				CLANG_WARN_BOOL_CONVERSION = YES;
				CLANG_WARN_CONSTANT_CONVERSION = YES;
				CLANG_WARN_DIRECT_OBJC_ISA_USAGE = YES_ERROR;
				CLANG_WARN_EMPTY_BODY = YES;
				CLANG_WARN_ENUM_CONVERSION = YES;
				CLANG_WARN_INT_CONVERSION = YES;
				CLANG_WARN_OBJC_ROOT_CLASS = YES_ERROR;
				CLANG_WARN_UNREACHABLE_CODE = YES;
				CLANG_WARN__DUPLICATE_METHOD_MATCH = YES;
				"CODE_SIGN_IDENTITY[sdk=iphoneos*]" = "iPhone Developer";
				COPY_PHASE_STRIP = NO;
				ENABLE_STRICT_OBJC_MSGSEND = YES;
				GCC_C_LANGUAGE_STANDARD = gnu99;
				GCC_DYNAMIC_NO_PIC = NO;
				GCC_OPTIMIZATION_LEVEL = 0;
				GCC_PREPROCESSOR_DEFINITIONS = (
					"DEBUG=1",
					"$(inherited)",
				);
				GCC_SYMBOLS_PRIVATE_EXTERN = NO;
				GCC_WARN_64_TO_32_BIT_CONVERSION = YES;
				GCC_WARN_ABOUT_RETURN_TYPE = YES_ERROR;
				GCC_WARN_UNDECLARED_SELECTOR = YES;
				GCC_WARN_UNINITIALIZED_AUTOS = YES_AGGRESSIVE;
				GCC_WARN_UNUSED_FUNCTION = YES;
				GCC_WARN_UNUSED_VARIABLE = YES;
				IPHONEOS_DEPLOYMENT_TARGET = 8.1;
				MTL_ENABLE_DEBUG_INFO = YES;
				ONLY_ACTIVE_ARCH = YES;
				SDKROOT = iphoneos;
			};
			name = Debug;
		};
		FF26C5991A83DFCB00E42462 /* Release */ = {
			isa = XCBuildConfiguration;
			buildSettings = {
				ALWAYS_SEARCH_USER_PATHS = NO;
				CLANG_CXX_LANGUAGE_STANDARD = "gnu++0x";
				CLANG_CXX_LIBRARY = "libc++";
				CLANG_ENABLE_MODULES = YES;
				CLANG_ENABLE_OBJC_ARC = YES;
				CLANG_WARN_BOOL_CONVERSION = YES;
				CLANG_WARN_CONSTANT_CONVERSION = YES;
				CLANG_WARN_DIRECT_OBJC_ISA_USAGE = YES_ERROR;
				CLANG_WARN_EMPTY_BODY = YES;
				CLANG_WARN_ENUM_CONVERSION = YES;
				CLANG_WARN_INT_CONVERSION = YES;
				CLANG_WARN_OBJC_ROOT_CLASS = YES_ERROR;
				CLANG_WARN_UNREACHABLE_CODE = YES;
				CLANG_WARN__DUPLICATE_METHOD_MATCH = YES;
				"CODE_SIGN_IDENTITY[sdk=iphoneos*]" = "iPhone Developer";
				COPY_PHASE_STRIP = YES;
				ENABLE_NS_ASSERTIONS = NO;
				ENABLE_STRICT_OBJC_MSGSEND = YES;
				GCC_C_LANGUAGE_STANDARD = gnu99;
				GCC_WARN_64_TO_32_BIT_CONVERSION = YES;
				GCC_WARN_ABOUT_RETURN_TYPE = YES_ERROR;
				GCC_WARN_UNDECLARED_SELECTOR = YES;
				GCC_WARN_UNINITIALIZED_AUTOS = YES_AGGRESSIVE;
				GCC_WARN_UNUSED_FUNCTION = YES;
				GCC_WARN_UNUSED_VARIABLE = YES;
				IPHONEOS_DEPLOYMENT_TARGET = 8.1;
				MTL_ENABLE_DEBUG_INFO = NO;
				SDKROOT = iphoneos;
				VALIDATE_PRODUCT = YES;
			};
			name = Release;
		};
		FF26C59B1A83DFCB00E42462 /* Debug */ = {
			isa = XCBuildConfiguration;
			buildSettings = {
				ASSETCATALOG_COMPILER_APPICON_NAME = AppIcon;
				INFOPLIST_FILE = Lab04/Info.plist;
				LD_RUNPATH_SEARCH_PATHS = "$(inherited) @executable_path/Frameworks";
				PRODUCT_NAME = "$(TARGET_NAME)";
			};
			name = Debug;
		};
		FF26C59C1A83DFCB00E42462 /* Release */ = {
			isa = XCBuildConfiguration;
			buildSettings = {
				ASSETCATALOG_COMPILER_APPICON_NAME = AppIcon;
				INFOPLIST_FILE = Lab04/Info.plist;
				LD_RUNPATH_SEARCH_PATHS = "$(inherited) @executable_path/Frameworks";
				PRODUCT_NAME = "$(TARGET_NAME)";
			};
			name = Release;
		};
		FF26C59E1A83DFCB00E42462 /* Debug */ = {
			isa = XCBuildConfiguration;
			buildSettings = {
				BUNDLE_LOADER = "$(TEST_HOST)";
				FRAMEWORK_SEARCH_PATHS = (
					"$(SDKROOT)/Developer/Library/Frameworks",
					"$(inherited)",
				);
				GCC_PREPROCESSOR_DEFINITIONS = (
					"DEBUG=1",
					"$(inherited)",
				);
				INFOPLIST_FILE = Lab04Tests/Info.plist;
				LD_RUNPATH_SEARCH_PATHS = "$(inherited) @executable_path/Frameworks @loader_path/Frameworks";
				PRODUCT_NAME = "$(TARGET_NAME)";
				TEST_HOST = "$(BUILT_PRODUCTS_DIR)/Lab04.app/Lab04";
			};
			name = Debug;
		};
		FF26C59F1A83DFCB00E42462 /* Release */ = {
			isa = XCBuildConfiguration;
			buildSettings = {
				BUNDLE_LOADER = "$(TEST_HOST)";
				FRAMEWORK_SEARCH_PATHS = (
					"$(SDKROOT)/Developer/Library/Frameworks",
					"$(inherited)",
				);
				INFOPLIST_FILE = Lab04Tests/Info.plist;
				LD_RUNPATH_SEARCH_PATHS = "$(inherited) @executable_path/Frameworks @loader_path/Frameworks";
				PRODUCT_NAME = "$(TARGET_NAME)";
				TEST_HOST = "$(BUILT_PRODUCTS_DIR)/Lab04.app/Lab04";
			};
			name = Release;
		};
/* End XCBuildConfiguration section */

/* Begin XCConfigurationList section */
		FF26C5721A83DFCB00E42462 /* Build configuration list for PBXProject "Lab04" */ = {
			isa = XCConfigurationList;
			buildConfigurations = (
				FF26C5981A83DFCB00E42462 /* Debug */,
				FF26C5991A83DFCB00E42462 /* Release */,
			);
			defaultConfigurationIsVisible = 0;
			defaultConfigurationName = Release;
		};
		FF26C59A1A83DFCB00E42462 /* Build configuration list for PBXNativeTarget "Lab04" */ = {
			isa = XCConfigurationList;
			buildConfigurations = (
				FF26C59B1A83DFCB00E42462 /* Debug */,
				FF26C59C1A83DFCB00E42462 /* Release */,
			);
			defaultConfigurationIsVisible = 0;
		};
		FF26C59D1A83DFCB00E42462 /* Build configuration list for PBXNativeTarget "Lab04Tests" */ = {
			isa = XCConfigurationList;
			buildConfigurations = (
				FF26C59E1A83DFCB00E42462 /* Debug */,
				FF26C59F1A83DFCB00E42462 /* Release */,
			);
			defaultConfigurationIsVisible = 0;
		};
/* End XCConfigurationList section */
	};
	rootObject = FF26C56F1A83DFCB00E42462 /* Project object */;
}
